
Microsoft Visual Studio Solution File, Format Version 12.00
# Visual Studio Version 17
VisualStudioVersion = 17.7.34202.233
MinimumVisualStudioVersion = 10.0.40219.1
Project("{FAE04EC0-301F-11D3-BF4B-00C04F79EFBC}") = "HorizontalVerticalStackLayoutDemo", "HorizontalVerticalStackLayoutDemo\HorizontalVerticalStackLayoutDemo.csproj", "{407D4607-D3F9-4EC3-8EF5-71F798BFA3A8}"
EndProject
Global
	GlobalSection(SolutionConfigurationPlatforms) = preSolution
		Debug|Any CPU = Debug|Any CPU
		Release|Any CPU = Release|Any CPU
	EndGlobalSection
	GlobalSection(ProjectConfigurationPlatforms) = postSolution
		{407D4607-D3F9-4EC3-8EF5-71F798BFA3A8}.Debug|Any CPU.ActiveCfg = Debug|Any CPU
		{407D4607-D3F9-4EC3-8EF5-71F798BFA3A8}.Debug|Any CPU.Build.0 = Debug|Any CPU
		{407D4607-D3F9-4EC3-8EF5-71F798BFA3A8}.Debug|Any CPU.Deploy.0 = Debug|Any CPU
		{407D4607-D3F9-4EC3-8EF5-71F798BFA3A8}.Release|Any CPU.ActiveCfg = Release|Any CPU
		{407D4607-D3F9-4EC3-8EF5-71F798BFA3A8}.Release|Any CPU.Build.0 = Release|Any CPU
		{407D4607-D3F9-4EC3-8EF5-71F798BFA3A8}.Release|Any CPU.Deploy.0 = Release|Any CPU
	EndGlobalSection
	GlobalSection(SolutionProperties) = preSolution
		HideSolutionNode = FALSE
	EndGlobalSection
	GlobalSection(ExtensibilityGlobals) = postSolution
		SolutionGuid = {5E1DEE1F-9BF7-48D3-B3DC-75BF31FD0ED9}
	EndGlobalSection
EndGlobal
